
Microsoft Visual Studio Solution File, Format Version 12.00
# Visual Studio Version 16
VisualStudioVersion = 16.0.29319.158
MinimumVisualStudioVersion = 10.0.40219.1
Project("{9A19103F-16F7-4668-BE54-9A1E7A4F7556}") = "01_SimpleHelloWorld", "01-SimpleHelloWorld\01_SimpleHelloWorld.csproj", "{76B06774-4744-4A90-B46D-0745F853BB57}"
EndProject
Project("{9A19103F-16F7-4668-BE54-9A1E7A4F7556}") = "02_CustomController", "02-CustomController\02_CustomController.csproj", "{E08CC264-C5DC-4EA2-BD00-C5AED0A6B65C}"
EndProject
Project("{9A19103F-16F7-4668-BE54-9A1E7A4F7556}") = "03_CustomSpecification", "03-CustomSpecification\03_CustomSpecification.csproj", "{F0FEC23B-9F24-4857-881F-0D4634987B47}"
EndProject
Project("{9A19103F-16F7-4668-BE54-9A1E7A4F7556}") = "06_Composition", "06-Composition\06_Composition.csproj", "{953B8E93-88CA-4134-B569-36CC61600797}"
EndProject
Project("{9A19103F-16F7-4668-BE54-9A1E7A4F7556}") = "10_MultipleDatabases", "10-MultipleDatabases\10_MultipleDatabases.csproj", "{80E1399D-3F25-48FC-8D07-78BB539A2596}"
EndProject
Project("{9A19103F-16F7-4668-BE54-9A1E7A4F7556}") = "11_MVCWebSite", "11-MVCWebSite\11_MVCWebSite.csproj", "{84859D9F-D68D-4AC0-876B-A66C646CB51C}"
EndProject
Project("{9A19103F-16F7-4668-BE54-9A1E7A4F7556}") = "05_Filters", "05-Filters\05_Filters.csproj", "{1C7CEF1F-E184-4AAF-9696-A8034AD8C588}"
EndProject
Project("{9A19103F-16F7-4668-BE54-9A1E7A4F7556}") = "08_Migrations", "08-Migrations\08_Migrations.csproj", "{39E8FA7B-EBF3-45F6-8BFA-604310D55BD1}"
EndProject
Project("{2150E333-8FDC-42A3-9474-1A3956D46DE8}") = "ARQ", "ARQ", "{BFF7CD91-6405-4200-B13A-39F8C6C9FAB3}"
EndProject
Project("{9A19103F-16F7-4668-BE54-9A1E7A4F7556}") = "Fluent.Architecture.Core.Doc", "..\..\Fluent.Architecture\Fluent.Architecture.Core.Doc\Fluent.Architecture.Core.Doc.csproj", "{44E315A7-5983-4208-997B-072D25D71E4C}"
EndProject
Project("{9A19103F-16F7-4668-BE54-9A1E7A4F7556}") = "11_MVCWebSite.Test", "11-MVCWebSite.Test\11_MVCWebSite.Test.csproj", "{2AB4102F-71FF-4D32-93E7-CCE2B39CCC9B}"
EndProject
Project("{2150E333-8FDC-42A3-9474-1A3956D46DE8}") = "Solution Items", "Solution Items", "{B0245F2B-E38F-4829-BC68-89CBB197A55A}"
	ProjectSection(SolutionItems) = preProject
		Directory.Build.props = Directory.Build.props
	EndProjectSection
EndProject
Project("{9A19103F-16F7-4668-BE54-9A1E7A4F7556}") = "Fluent.Architecture.Core", "..\..\Fluent.Architecture\Fluent.Architecture\Fluent.Architecture.Core.csproj", "{98347050-3005-4565-9A96-A1A0277B5FEB}"
EndProject
Project("{9A19103F-16F7-4668-BE54-9A1E7A4F7556}") = "Fluent.Architecture.EntityFramework", "..\..\Fluent.Architecture\Fluent.Architecture.EntityFramework\Fluent.Architecture.EntityFramework.csproj", "{958E23B8-DB62-404C-90BF-5BCD1C173811}"
EndProject
Project("{9A19103F-16F7-4668-BE54-9A1E7A4F7556}") = "Fluent.Architecture.EntityFramework.SqLite", "..\..\Fluent.Architecture\Fluent.Architecture.EntityFramework.SqLite\Fluent.Architecture.EntityFramework.SqLite.csproj", "{67DFBDDD-B3E4-48EF-8424-30A22D525098}"
EndProject
Project("{9A19103F-16F7-4668-BE54-9A1E7A4F7556}") = "09_Authentication", "09-Autentication\09_Authentication.csproj", "{881B200C-7DD6-4F83-967B-750B742E056D}"
EndProject
Project("{9A19103F-16F7-4668-BE54-9A1E7A4F7556}") = "12_Redis", "12-Redis\12_Redis.csproj", "{228315C0-2DA2-4A4C-BE38-D203CB75EA08}"
EndProject
Project("{9A19103F-16F7-4668-BE54-9A1E7A4F7556}") = "Fluent.Architecture.Redis", "..\..\Fluent.Architecture\Fluent.Architecture.Redis\Fluent.Architecture.Redis.csproj", "{4697EC2D-B483-44F4-A85D-A73F1C2F47D0}"
EndProject
Project("{9A19103F-16F7-4668-BE54-9A1E7A4F7556}") = "01_ExternalThread", "01-ExternalThread\01_ExternalThread.csproj", "{243AFFE5-9B48-45A0-A23C-F7C3B90C4398}"
EndProject
Global
	GlobalSection(SolutionConfigurationPlatforms) = preSolution
		Debug|Any CPU = Debug|Any CPU
		Release|Any CPU = Release|Any CPU
	EndGlobalSection
	GlobalSection(ProjectConfigurationPlatforms) = postSolution
		{76B06774-4744-4A90-B46D-0745F853BB57}.Debug|Any CPU.ActiveCfg = Debug|Any CPU
		{76B06774-4744-4A90-B46D-0745F853BB57}.Debug|Any CPU.Build.0 = Debug|Any CPU
		{76B06774-4744-4A90-B46D-0745F853BB57}.Release|Any CPU.ActiveCfg = Release|Any CPU
		{76B06774-4744-4A90-B46D-0745F853BB57}.Release|Any CPU.Build.0 = Release|Any CPU
		{E08CC264-C5DC-4EA2-BD00-C5AED0A6B65C}.Debug|Any CPU.ActiveCfg = Debug|Any CPU
		{E08CC264-C5DC-4EA2-BD00-C5AED0A6B65C}.Debug|Any CPU.Build.0 = Debug|Any CPU
		{E08CC264-C5DC-4EA2-BD00-C5AED0A6B65C}.Release|Any CPU.ActiveCfg = Release|Any CPU
		{E08CC264-C5DC-4EA2-BD00-C5AED0A6B65C}.Release|Any CPU.Build.0 = Release|Any CPU
		{F0FEC23B-9F24-4857-881F-0D4634987B47}.Debug|Any CPU.ActiveCfg = Debug|Any CPU
		{F0FEC23B-9F24-4857-881F-0D4634987B47}.Debug|Any CPU.Build.0 = Debug|Any CPU
		{F0FEC23B-9F24-4857-881F-0D4634987B47}.Release|Any CPU.ActiveCfg = Release|Any CPU
		{F0FEC23B-9F24-4857-881F-0D4634987B47}.Release|Any CPU.Build.0 = Release|Any CPU
		{953B8E93-88CA-4134-B569-36CC61600797}.Debug|Any CPU.ActiveCfg = Debug|Any CPU
		{953B8E93-88CA-4134-B569-36CC61600797}.Debug|Any CPU.Build.0 = Debug|Any CPU
		{953B8E93-88CA-4134-B569-36CC61600797}.Release|Any CPU.ActiveCfg = Release|Any CPU
		{953B8E93-88CA-4134-B569-36CC61600797}.Release|Any CPU.Build.0 = Release|Any CPU
		{80E1399D-3F25-48FC-8D07-78BB539A2596}.Debug|Any CPU.ActiveCfg = Debug|Any CPU
		{80E1399D-3F25-48FC-8D07-78BB539A2596}.Debug|Any CPU.Build.0 = Debug|Any CPU
		{80E1399D-3F25-48FC-8D07-78BB539A2596}.Release|Any CPU.ActiveCfg = Release|Any CPU
		{80E1399D-3F25-48FC-8D07-78BB539A2596}.Release|Any CPU.Build.0 = Release|Any CPU
		{84859D9F-D68D-4AC0-876B-A66C646CB51C}.Debug|Any CPU.ActiveCfg = Debug|Any CPU
		{84859D9F-D68D-4AC0-876B-A66C646CB51C}.Debug|Any CPU.Build.0 = Debug|Any CPU
		{84859D9F-D68D-4AC0-876B-A66C646CB51C}.Release|Any CPU.ActiveCfg = Release|Any CPU
		{84859D9F-D68D-4AC0-876B-A66C646CB51C}.Release|Any CPU.Build.0 = Release|Any CPU
		{1C7CEF1F-E184-4AAF-9696-A8034AD8C588}.Debug|Any CPU.ActiveCfg = Debug|Any CPU
		{1C7CEF1F-E184-4AAF-9696-A8034AD8C588}.Debug|Any CPU.Build.0 = Debug|Any CPU
		{1C7CEF1F-E184-4AAF-9696-A8034AD8C588}.Release|Any CPU.ActiveCfg = Release|Any CPU
		{1C7CEF1F-E184-4AAF-9696-A8034AD8C588}.Release|Any CPU.Build.0 = Release|Any CPU
		{39E8FA7B-EBF3-45F6-8BFA-604310D55BD1}.Debug|Any CPU.ActiveCfg = Debug|Any CPU
		{39E8FA7B-EBF3-45F6-8BFA-604310D55BD1}.Debug|Any CPU.Build.0 = Debug|Any CPU
		{39E8FA7B-EBF3-45F6-8BFA-604310D55BD1}.Release|Any CPU.ActiveCfg = Release|Any CPU
		{39E8FA7B-EBF3-45F6-8BFA-604310D55BD1}.Release|Any CPU.Build.0 = Release|Any CPU
		{44E315A7-5983-4208-997B-072D25D71E4C}.Debug|Any CPU.ActiveCfg = Debug|Any CPU
		{44E315A7-5983-4208-997B-072D25D71E4C}.Debug|Any CPU.Build.0 = Debug|Any CPU
		{44E315A7-5983-4208-997B-072D25D71E4C}.Release|Any CPU.ActiveCfg = Release|Any CPU
		{44E315A7-5983-4208-997B-072D25D71E4C}.Release|Any CPU.Build.0 = Release|Any CPU
		{2AB4102F-71FF-4D32-93E7-CCE2B39CCC9B}.Debug|Any CPU.ActiveCfg = Debug|Any CPU
		{2AB4102F-71FF-4D32-93E7-CCE2B39CCC9B}.Debug|Any CPU.Build.0 = Debug|Any CPU
		{2AB4102F-71FF-4D32-93E7-CCE2B39CCC9B}.Release|Any CPU.ActiveCfg = Release|Any CPU
		{2AB4102F-71FF-4D32-93E7-CCE2B39CCC9B}.Release|Any CPU.Build.0 = Release|Any CPU
		{98347050-3005-4565-9A96-A1A0277B5FEB}.Debug|Any CPU.ActiveCfg = Debug|Any CPU
		{98347050-3005-4565-9A96-A1A0277B5FEB}.Debug|Any CPU.Build.0 = Debug|Any CPU
		{98347050-3005-4565-9A96-A1A0277B5FEB}.Release|Any CPU.ActiveCfg = Release|Any CPU
		{98347050-3005-4565-9A96-A1A0277B5FEB}.Release|Any CPU.Build.0 = Release|Any CPU
		{958E23B8-DB62-404C-90BF-5BCD1C173811}.Debug|Any CPU.ActiveCfg = Debug|Any CPU
		{958E23B8-DB62-404C-90BF-5BCD1C173811}.Debug|Any CPU.Build.0 = Debug|Any CPU
		{958E23B8-DB62-404C-90BF-5BCD1C173811}.Release|Any CPU.ActiveCfg = Release|Any CPU
		{958E23B8-DB62-404C-90BF-5BCD1C173811}.Release|Any CPU.Build.0 = Release|Any CPU
		{67DFBDDD-B3E4-48EF-8424-30A22D525098}.Debug|Any CPU.ActiveCfg = Debug|Any CPU
		{67DFBDDD-B3E4-48EF-8424-30A22D525098}.Debug|Any CPU.Build.0 = Debug|Any CPU
		{67DFBDDD-B3E4-48EF-8424-30A22D525098}.Release|Any CPU.ActiveCfg = Release|Any CPU
		{67DFBDDD-B3E4-48EF-8424-30A22D525098}.Release|Any CPU.Build.0 = Release|Any CPU
		{881B200C-7DD6-4F83-967B-750B742E056D}.Debug|Any CPU.ActiveCfg = Debug|Any CPU
		{881B200C-7DD6-4F83-967B-750B742E056D}.Debug|Any CPU.Build.0 = Debug|Any CPU
		{881B200C-7DD6-4F83-967B-750B742E056D}.Release|Any CPU.ActiveCfg = Release|Any CPU
		{881B200C-7DD6-4F83-967B-750B742E056D}.Release|Any CPU.Build.0 = Release|Any CPU
		{228315C0-2DA2-4A4C-BE38-D203CB75EA08}.Debug|Any CPU.ActiveCfg = Debug|Any CPU
		{228315C0-2DA2-4A4C-BE38-D203CB75EA08}.Debug|Any CPU.Build.0 = Debug|Any CPU
		{228315C0-2DA2-4A4C-BE38-D203CB75EA08}.Release|Any CPU.ActiveCfg = Release|Any CPU
		{228315C0-2DA2-4A4C-BE38-D203CB75EA08}.Release|Any CPU.Build.0 = Release|Any CPU
		{4697EC2D-B483-44F4-A85D-A73F1C2F47D0}.Debug|Any CPU.ActiveCfg = Debug|Any CPU
		{4697EC2D-B483-44F4-A85D-A73F1C2F47D0}.Debug|Any CPU.Build.0 = Debug|Any CPU
		{4697EC2D-B483-44F4-A85D-A73F1C2F47D0}.Release|Any CPU.ActiveCfg = Release|Any CPU
		{4697EC2D-B483-44F4-A85D-A73F1C2F47D0}.Release|Any CPU.Build.0 = Release|Any CPU
		{243AFFE5-9B48-45A0-A23C-F7C3B90C4398}.Debug|Any CPU.ActiveCfg = Debug|Any CPU
		{243AFFE5-9B48-45A0-A23C-F7C3B90C4398}.Debug|Any CPU.Build.0 = Debug|Any CPU
		{243AFFE5-9B48-45A0-A23C-F7C3B90C4398}.Release|Any CPU.ActiveCfg = Release|Any CPU
		{243AFFE5-9B48-45A0-A23C-F7C3B90C4398}.Release|Any CPU.Build.0 = Release|Any CPU
	EndGlobalSection
	GlobalSection(SolutionProperties) = preSolution
		HideSolutionNode = FALSE
	EndGlobalSection
	GlobalSection(NestedProjects) = preSolution
		{44E315A7-5983-4208-997B-072D25D71E4C} = {BFF7CD91-6405-4200-B13A-39F8C6C9FAB3}
		{98347050-3005-4565-9A96-A1A0277B5FEB} = {BFF7CD91-6405-4200-B13A-39F8C6C9FAB3}
		{958E23B8-DB62-404C-90BF-5BCD1C173811} = {BFF7CD91-6405-4200-B13A-39F8C6C9FAB3}
		{67DFBDDD-B3E4-48EF-8424-30A22D525098} = {BFF7CD91-6405-4200-B13A-39F8C6C9FAB3}
		{4697EC2D-B483-44F4-A85D-A73F1C2F47D0} = {BFF7CD91-6405-4200-B13A-39F8C6C9FAB3}
	EndGlobalSection
	GlobalSection(ExtensibilityGlobals) = postSolution
		SolutionGuid = {218D9188-BFC2-4A2C-8CED-65F37799C7BF}
	EndGlobalSection
EndGlobal
