
Microsoft Visual Studio Solution File, Format Version 12.00
# Visual Studio Version 16
VisualStudioVersion = 16.0.29319.158
MinimumVisualStudioVersion = 10.0.40219.1
Project("{9A19103F-16F7-4668-BE54-9A1E7A4F7556}") = "01_SimpleHelloWorld", "01-SimpleHelloWorld\01_SimpleHelloWorld.csproj", "{76B06774-4744-4A90-B46D-0745F853BB57}"
EndProject
Project("{9A19103F-16F7-4668-BE54-9A1E7A4F7556}") = "02_CustomController", "02-CustomController\02_CustomController.csproj", "{E08CC264-C5DC-4EA2-BD00-C5AED0A6B65C}"
EndProject
Project("{9A19103F-16F7-4668-BE54-9A1E7A4F7556}") = "03_CustomSpecification", "03-CustomSpecification\03_CustomSpecification.csproj", "{F0FEC23B-9F24-4857-881F-0D4634987B47}"
EndProject
Project("{9A19103F-16F7-4668-BE54-9A1E7A4F7556}") = "06_Composition", "06-Composition\06_Composition.csproj", "{953B8E93-88CA-4134-B569-36CC61600797}"
EndProject
Project("{9A19103F-16F7-4668-BE54-9A1E7A4F7556}") = "10_MultipleDatabases", "10-MultipleDatabases\10_MultipleDatabases.csproj", "{80E1399D-3F25-48FC-8D07-78BB539A2596}"
EndProject
Project("{9A19103F-16F7-4668-BE54-9A1E7A4F7556}") = "11_MVCWebSite", "11-MVCWebSite\11_MVCWebSite.csproj", "{84859D9F-D68D-4AC0-876B-A66C646CB51C}"
EndProject
Project("{9A19103F-16F7-4668-BE54-9A1E7A4F7556}") = "11_MVCWebSite.Test", "11-MVCWebSite.Test\MVCWebSite.Test\11_MVCWebSite.Test.csproj", "{E9EF9CA5-2098-484E-94CE-8DF668C287BC}"
EndProject
Project("{9A19103F-16F7-4668-BE54-9A1E7A4F7556}") = "05_Filters", "05-Filters\05_Filters.csproj", "{1C7CEF1F-E184-4AAF-9696-A8034AD8C588}"
EndProject
Global
	GlobalSection(SolutionConfigurationPlatforms) = preSolution
		Debug|Any CPU = Debug|Any CPU
		Release|Any CPU = Release|Any CPU
	EndGlobalSection
	GlobalSection(ProjectConfigurationPlatforms) = postSolution
		{76B06774-4744-4A90-B46D-0745F853BB57}.Debug|Any CPU.ActiveCfg = Debug|Any CPU
		{76B06774-4744-4A90-B46D-0745F853BB57}.Debug|Any CPU.Build.0 = Debug|Any CPU
		{76B06774-4744-4A90-B46D-0745F853BB57}.Release|Any CPU.ActiveCfg = Release|Any CPU
		{76B06774-4744-4A90-B46D-0745F853BB57}.Release|Any CPU.Build.0 = Release|Any CPU
		{E08CC264-C5DC-4EA2-BD00-C5AED0A6B65C}.Debug|Any CPU.ActiveCfg = Debug|Any CPU
		{E08CC264-C5DC-4EA2-BD00-C5AED0A6B65C}.Debug|Any CPU.Build.0 = Debug|Any CPU
		{E08CC264-C5DC-4EA2-BD00-C5AED0A6B65C}.Release|Any CPU.ActiveCfg = Release|Any CPU
		{E08CC264-C5DC-4EA2-BD00-C5AED0A6B65C}.Release|Any CPU.Build.0 = Release|Any CPU
		{F0FEC23B-9F24-4857-881F-0D4634987B47}.Debug|Any CPU.ActiveCfg = Debug|Any CPU
		{F0FEC23B-9F24-4857-881F-0D4634987B47}.Debug|Any CPU.Build.0 = Debug|Any CPU
		{F0FEC23B-9F24-4857-881F-0D4634987B47}.Release|Any CPU.ActiveCfg = Release|Any CPU
		{F0FEC23B-9F24-4857-881F-0D4634987B47}.Release|Any CPU.Build.0 = Release|Any CPU
		{953B8E93-88CA-4134-B569-36CC61600797}.Debug|Any CPU.ActiveCfg = Debug|Any CPU
		{953B8E93-88CA-4134-B569-36CC61600797}.Debug|Any CPU.Build.0 = Debug|Any CPU
		{953B8E93-88CA-4134-B569-36CC61600797}.Release|Any CPU.ActiveCfg = Release|Any CPU
		{953B8E93-88CA-4134-B569-36CC61600797}.Release|Any CPU.Build.0 = Release|Any CPU
		{80E1399D-3F25-48FC-8D07-78BB539A2596}.Debug|Any CPU.ActiveCfg = Debug|Any CPU
		{80E1399D-3F25-48FC-8D07-78BB539A2596}.Debug|Any CPU.Build.0 = Debug|Any CPU
		{80E1399D-3F25-48FC-8D07-78BB539A2596}.Release|Any CPU.ActiveCfg = Release|Any CPU
		{80E1399D-3F25-48FC-8D07-78BB539A2596}.Release|Any CPU.Build.0 = Release|Any CPU
		{84859D9F-D68D-4AC0-876B-A66C646CB51C}.Debug|Any CPU.ActiveCfg = Debug|Any CPU
		{84859D9F-D68D-4AC0-876B-A66C646CB51C}.Debug|Any CPU.Build.0 = Debug|Any CPU
		{84859D9F-D68D-4AC0-876B-A66C646CB51C}.Release|Any CPU.ActiveCfg = Release|Any CPU
		{84859D9F-D68D-4AC0-876B-A66C646CB51C}.Release|Any CPU.Build.0 = Release|Any CPU
		{E9EF9CA5-2098-484E-94CE-8DF668C287BC}.Debug|Any CPU.ActiveCfg = Debug|Any CPU
		{E9EF9CA5-2098-484E-94CE-8DF668C287BC}.Debug|Any CPU.Build.0 = Debug|Any CPU
		{E9EF9CA5-2098-484E-94CE-8DF668C287BC}.Release|Any CPU.ActiveCfg = Release|Any CPU
		{E9EF9CA5-2098-484E-94CE-8DF668C287BC}.Release|Any CPU.Build.0 = Release|Any CPU
		{1C7CEF1F-E184-4AAF-9696-A8034AD8C588}.Debug|Any CPU.ActiveCfg = Debug|Any CPU
		{1C7CEF1F-E184-4AAF-9696-A8034AD8C588}.Debug|Any CPU.Build.0 = Debug|Any CPU
		{1C7CEF1F-E184-4AAF-9696-A8034AD8C588}.Release|Any CPU.ActiveCfg = Release|Any CPU
		{1C7CEF1F-E184-4AAF-9696-A8034AD8C588}.Release|Any CPU.Build.0 = Release|Any CPU
	EndGlobalSection
	GlobalSection(SolutionProperties) = preSolution
		HideSolutionNode = FALSE
	EndGlobalSection
	GlobalSection(ExtensibilityGlobals) = postSolution
		SolutionGuid = {218D9188-BFC2-4A2C-8CED-65F37799C7BF}
	EndGlobalSection
EndGlobal
