
Microsoft Visual Studio Solution File, Format Version 12.00
# Visual Studio Version 16
VisualStudioVersion = 16.0.29319.158
MinimumVisualStudioVersion = 10.0.40219.1
Project("{9A19103F-16F7-4668-BE54-9A1E7A4F7556}") = "Public.SimpleApiSample", "Public.SimpleApiSample.csproj", "{6B9F65DD-6DCA-44D4-9F06-9EAA82D284BC}"
EndProject
Global
	GlobalSection(SolutionConfigurationPlatforms) = preSolution
		Debug|Any CPU = Debug|Any CPU
		Release|Any CPU = Release|Any CPU
	EndGlobalSection
	GlobalSection(ProjectConfigurationPlatforms) = postSolution
		{6B9F65DD-6DCA-44D4-9F06-9EAA82D284BC}.Debug|Any CPU.ActiveCfg = Debug|Any CPU
		{6B9F65DD-6DCA-44D4-9F06-9EAA82D284BC}.Debug|Any CPU.Build.0 = Debug|Any CPU
		{6B9F65DD-6DCA-44D4-9F06-9EAA82D284BC}.Release|Any CPU.ActiveCfg = Release|Any CPU
		{6B9F65DD-6DCA-44D4-9F06-9EAA82D284BC}.Release|Any CPU.Build.0 = Release|Any CPU
	EndGlobalSection
	GlobalSection(SolutionProperties) = preSolution
		HideSolutionNode = FALSE
	EndGlobalSection
	GlobalSection(ExtensibilityGlobals) = postSolution
		SolutionGuid = {6D439336-24EF-404B-A8A1-C72331214EDA}
	EndGlobalSection
EndGlobal
