
Microsoft Visual Studio Solution File, Format Version 12.00
# Visual Studio Version 16
VisualStudioVersion = 16.0.29306.81
MinimumVisualStudioVersion = 10.0.40219.1
Project("{9A19103F-16F7-4668-BE54-9A1E7A4F7556}") = "SimpleHelloWorld", "SimpleHelloWorld.csproj", "{06D483FA-8BB4-45F0-8C4B-96A14ECA3B70}"
EndProject
Global
	GlobalSection(SolutionConfigurationPlatforms) = preSolution
		Debug|Any CPU = Debug|Any CPU
		Release|Any CPU = Release|Any CPU
	EndGlobalSection
	GlobalSection(ProjectConfigurationPlatforms) = postSolution
		{06D483FA-8BB4-45F0-8C4B-96A14ECA3B70}.Debug|Any CPU.ActiveCfg = Debug|Any CPU
		{06D483FA-8BB4-45F0-8C4B-96A14ECA3B70}.Debug|Any CPU.Build.0 = Debug|Any CPU
		{06D483FA-8BB4-45F0-8C4B-96A14ECA3B70}.Release|Any CPU.ActiveCfg = Release|Any CPU
		{06D483FA-8BB4-45F0-8C4B-96A14ECA3B70}.Release|Any CPU.Build.0 = Release|Any CPU
	EndGlobalSection
	GlobalSection(SolutionProperties) = preSolution
		HideSolutionNode = FALSE
	EndGlobalSection
	GlobalSection(ExtensibilityGlobals) = postSolution
		SolutionGuid = {ABC3E29D-A827-43FA-A812-893653837B8F}
	EndGlobalSection
EndGlobal
