
Microsoft Visual Studio Solution File, Format Version 12.00
# Visual Studio Version 16
VisualStudioVersion = 16.0.29306.81
MinimumVisualStudioVersion = 10.0.40219.1
Project("{9A19103F-16F7-4668-BE54-9A1E7A4F7556}") = "CustomController", "CustomController.csproj", "{B036C3C5-6542-40FF-9B5A-48C6CD641A1A}"
EndProject
Global
	GlobalSection(SolutionConfigurationPlatforms) = preSolution
		Debug|Any CPU = Debug|Any CPU
		Release|Any CPU = Release|Any CPU
	EndGlobalSection
	GlobalSection(ProjectConfigurationPlatforms) = postSolution
		{B036C3C5-6542-40FF-9B5A-48C6CD641A1A}.Debug|Any CPU.ActiveCfg = Debug|Any CPU
		{B036C3C5-6542-40FF-9B5A-48C6CD641A1A}.Debug|Any CPU.Build.0 = Debug|Any CPU
		{B036C3C5-6542-40FF-9B5A-48C6CD641A1A}.Release|Any CPU.ActiveCfg = Release|Any CPU
		{B036C3C5-6542-40FF-9B5A-48C6CD641A1A}.Release|Any CPU.Build.0 = Release|Any CPU
	EndGlobalSection
	GlobalSection(SolutionProperties) = preSolution
		HideSolutionNode = FALSE
	EndGlobalSection
	GlobalSection(ExtensibilityGlobals) = postSolution
		SolutionGuid = {FB5DF6A0-FF35-4748-A606-CEB714C6C6B4}
	EndGlobalSection
EndGlobal
